
Microsoft Visual Studio Solution File, Format Version 12.00
# Visual Studio Version 17
VisualStudioVersion = 17.9.34902.65
MinimumVisualStudioVersion = 10.0.40219.1
Project("{9A19103F-16F7-4668-BE54-9A1E7A4F7556}") = "P02_FootballBetting", "P02_FootballBetting\P02_FootballBetting.csproj", "{59EEBF41-57B1-444D-9FBD-1FBD3E9BAB5F}"
EndProject
Project("{9A19103F-16F7-4668-BE54-9A1E7A4F7556}") = "P02_FootballBetting.Data", "P02_FootballBetting.Data\P02_FootballBetting.Data.csproj", "{86C22AC7-215E-4C62-B4A7-9A07FDBEC94D}"
EndProject
Project("{FAE04EC0-301F-11D3-BF4B-00C04F79EFBC}") = "P02_FootballBetting.Data.Models", "P02_FootballBetting.Data.Models\P02_FootballBetting.Data.Models.csproj", "{2DE26144-F716-4878-8534-613334D8217A}"
EndProject
Global
	GlobalSection(SolutionConfigurationPlatforms) = preSolution
		Debug|Any CPU = Debug|Any CPU
		Release|Any CPU = Release|Any CPU
	EndGlobalSection
	GlobalSection(ProjectConfigurationPlatforms) = postSolution
		{59EEBF41-57B1-444D-9FBD-1FBD3E9BAB5F}.Debug|Any CPU.ActiveCfg = Debug|Any CPU
		{59EEBF41-57B1-444D-9FBD-1FBD3E9BAB5F}.Debug|Any CPU.Build.0 = Debug|Any CPU
		{59EEBF41-57B1-444D-9FBD-1FBD3E9BAB5F}.Release|Any CPU.ActiveCfg = Release|Any CPU
		{59EEBF41-57B1-444D-9FBD-1FBD3E9BAB5F}.Release|Any CPU.Build.0 = Release|Any CPU
		{86C22AC7-215E-4C62-B4A7-9A07FDBEC94D}.Debug|Any CPU.ActiveCfg = Debug|Any CPU
		{86C22AC7-215E-4C62-B4A7-9A07FDBEC94D}.Debug|Any CPU.Build.0 = Debug|Any CPU
		{86C22AC7-215E-4C62-B4A7-9A07FDBEC94D}.Release|Any CPU.ActiveCfg = Release|Any CPU
		{86C22AC7-215E-4C62-B4A7-9A07FDBEC94D}.Release|Any CPU.Build.0 = Release|Any CPU
		{2DE26144-F716-4878-8534-613334D8217A}.Debug|Any CPU.ActiveCfg = Debug|Any CPU
		{2DE26144-F716-4878-8534-613334D8217A}.Debug|Any CPU.Build.0 = Debug|Any CPU
		{2DE26144-F716-4878-8534-613334D8217A}.Release|Any CPU.ActiveCfg = Release|Any CPU
		{2DE26144-F716-4878-8534-613334D8217A}.Release|Any CPU.Build.0 = Release|Any CPU
	EndGlobalSection
	GlobalSection(SolutionProperties) = preSolution
		HideSolutionNode = FALSE
	EndGlobalSection
	GlobalSection(ExtensibilityGlobals) = postSolution
		SolutionGuid = {8A3F9815-E8CA-4179-95AF-59D3D3994D47}
	EndGlobalSection
EndGlobal
